
Microsoft Visual Studio Solution File, Format Version 12.00
# Visual Studio Version 17
VisualStudioVersion = 17.10.35122.118
MinimumVisualStudioVersion = 10.0.40219.1
Project("{FAE04EC0-301F-11D3-BF4B-00C04F79EFBC}") = "EventBus", "EventBus\EventBus.csproj", "{86C1E183-7C54-403F-9EA7-75FDDB4F2262}"
EndProject
Global
	GlobalSection(SolutionConfigurationPlatforms) = preSolution
		Debug|Any CPU = Debug|Any CPU
		Release|Any CPU = Release|Any CPU
	EndGlobalSection
	GlobalSection(ProjectConfigurationPlatforms) = postSolution
		{86C1E183-7C54-403F-9EA7-75FDDB4F2262}.Debug|Any CPU.ActiveCfg = Debug|Any CPU
		{86C1E183-7C54-403F-9EA7-75FDDB4F2262}.Debug|Any CPU.Build.0 = Debug|Any CPU
		{86C1E183-7C54-403F-9EA7-75FDDB4F2262}.Release|Any CPU.ActiveCfg = Release|Any CPU
		{86C1E183-7C54-403F-9EA7-75FDDB4F2262}.Release|Any CPU.Build.0 = Release|Any CPU
	EndGlobalSection
	GlobalSection(SolutionProperties) = preSolution
		HideSolutionNode = FALSE
	EndGlobalSection
	GlobalSection(ExtensibilityGlobals) = postSolution
		SolutionGuid = {0C4F1F1D-A85F-4711-A64B-A8CD893FEE1C}
	EndGlobalSection
EndGlobal
